{
  "object": {
    "pins": [
      {
        "package": "Codextended",
        "repositoryURL": "https://github.com/johnsundell/codextended.git",
        "state": {
          "branch": null,
          "revision": "8d7c46dfc9c55240870cf5561d6cefa41e3d7105",
          "version": "0.3.0"
        }
      },
      {
        "package": "CollectionConcurrencyKit",
        "repositoryURL": "https://github.com/johnsundell/collectionConcurrencyKit.git",
        "state": {
          "branch": null,
          "revision": "2e4984dcaed6432f4eff175f6616ba463428cd8a",
          "version": "0.1.0"
        }
      },
      {
        "package": "Files",
        "repositoryURL": "https://github.com/johnsundell/files.git",
        "state": {
          "branch": null,
          "revision": "d273b5b7025d386feef79ef6bad7de762e106eaf",
          "version": "4.2.0"
        }
      },
      {
        "package": "Ink",
        "repositoryURL": "https://github.com/vithanco/ink.git",
        "state": {
          "branch": null,
          "revision": "49b41cc5f1dde7a602c9ff63b6b4fcb48a94f2eb",
          "version": "0.6.1"
        }
      },
      {
        "package": "Plot",
        "repositoryURL": "https://github.com/vithanco/plot.git",
        "state": {
          "branch": null,
          "revision": "2aa5c4bfdab0b9d097047ba7e812d06791c3d518",
          "version": "0.14.0"
        }
      },
      {
        "package": "ShellOut",
        "repositoryURL": "https://github.com/johnsundell/shellout.git",
        "state": {
          "branch": null,
          "revision": "e1577acf2b6e90086d01a6d5e2b8efdaae033568",
          "version": "2.3.0"
        }
      },
      {
        "package": "Sweep",
        "repositoryURL": "https://github.com/johnsundell/sweep.git",
        "state": {
          "branch": null,
          "revision": "801c2878e4c6c5baf32fe132e1f3f3af6f9fd1b0",
          "version": "0.4.0"
        }
      }
    ]
  },
  "version": 1
}
